
Microsoft Visual Studio Solution File, Format Version 12.00
# Visual Studio 2015
Project("{FAE04EC0-301F-11D3-BF4B-00C04F79EFBC}") = "Plataformas.Plugins", "Plataformas.Plugins.csproj", "{2F27AB63-862C-76B9-A5FE-B97F83925B76}"
EndProject
Project("{FAE04EC0-301F-11D3-BF4B-00C04F79EFBC}") = "Plataformas", "Plataformas.csproj", "{1811D8C3-2930-D33B-D925-C07640A0055B}"
EndProject
Project("{FAE04EC0-301F-11D3-BF4B-00C04F79EFBC}") = "Plataformas.Editor.Plugins", "Plataformas.Editor.Plugins.csproj", "{B2CB9898-3A28-47D3-EA3F-4F9BBF116A45}"
EndProject
Project("{FAE04EC0-301F-11D3-BF4B-00C04F79EFBC}") = "Plataformas.Editor", "Plataformas.Editor.csproj", "{FBB001B6-B284-F4CD-A5BC-9CCFC36ED4E9}"
EndProject
Global
	GlobalSection(SolutionConfigurationPlatforms) = preSolution
		Debug|Any CPU = Debug|Any CPU
		Release|Any CPU = Release|Any CPU
	EndGlobalSection
	GlobalSection(ProjectConfigurationPlatforms) = postSolution
		{2F27AB63-862C-76B9-A5FE-B97F83925B76}.Debug|Any CPU.ActiveCfg = Debug|Any CPU
		{2F27AB63-862C-76B9-A5FE-B97F83925B76}.Debug|Any CPU.Build.0 = Debug|Any CPU
		{2F27AB63-862C-76B9-A5FE-B97F83925B76}.Release|Any CPU.ActiveCfg = Release|Any CPU
		{2F27AB63-862C-76B9-A5FE-B97F83925B76}.Release|Any CPU.Build.0 = Release|Any CPU
		{1811D8C3-2930-D33B-D925-C07640A0055B}.Debug|Any CPU.ActiveCfg = Debug|Any CPU
		{1811D8C3-2930-D33B-D925-C07640A0055B}.Debug|Any CPU.Build.0 = Debug|Any CPU
		{1811D8C3-2930-D33B-D925-C07640A0055B}.Release|Any CPU.ActiveCfg = Release|Any CPU
		{1811D8C3-2930-D33B-D925-C07640A0055B}.Release|Any CPU.Build.0 = Release|Any CPU
		{B2CB9898-3A28-47D3-EA3F-4F9BBF116A45}.Debug|Any CPU.ActiveCfg = Debug|Any CPU
		{B2CB9898-3A28-47D3-EA3F-4F9BBF116A45}.Debug|Any CPU.Build.0 = Debug|Any CPU
		{B2CB9898-3A28-47D3-EA3F-4F9BBF116A45}.Release|Any CPU.ActiveCfg = Release|Any CPU
		{B2CB9898-3A28-47D3-EA3F-4F9BBF116A45}.Release|Any CPU.Build.0 = Release|Any CPU
		{FBB001B6-B284-F4CD-A5BC-9CCFC36ED4E9}.Debug|Any CPU.ActiveCfg = Debug|Any CPU
		{FBB001B6-B284-F4CD-A5BC-9CCFC36ED4E9}.Debug|Any CPU.Build.0 = Debug|Any CPU
		{FBB001B6-B284-F4CD-A5BC-9CCFC36ED4E9}.Release|Any CPU.ActiveCfg = Release|Any CPU
		{FBB001B6-B284-F4CD-A5BC-9CCFC36ED4E9}.Release|Any CPU.Build.0 = Release|Any CPU
	EndGlobalSection
	GlobalSection(SolutionProperties) = preSolution
		HideSolutionNode = FALSE
	EndGlobalSection
EndGlobal
